
Microsoft Visual Studio Solution File, Format Version 12.00
# Visual Studio Version 17
VisualStudioVersion = 17.2.32616.157
MinimumVisualStudioVersion = 10.0.40219.1
Project("{FAE04EC0-301F-11D3-BF4B-00C04F79EFBC}") = "Moonie", "Moonie\Moonie.csproj", "{65FF6DC0-E26F-41B8-B370-6B3ACE5DC355}"
EndProject
Global
	GlobalSection(SolutionConfigurationPlatforms) = preSolution
		Debug|Any CPU = Debug|Any CPU
		Release|Any CPU = Release|Any CPU
	EndGlobalSection
	GlobalSection(ProjectConfigurationPlatforms) = postSolution
		{65FF6DC0-E26F-41B8-B370-6B3ACE5DC355}.Debug|Any CPU.ActiveCfg = Debug|Any CPU
		{65FF6DC0-E26F-41B8-B370-6B3ACE5DC355}.Debug|Any CPU.Build.0 = Debug|Any CPU
		{65FF6DC0-E26F-41B8-B370-6B3ACE5DC355}.Release|Any CPU.ActiveCfg = Release|Any CPU
		{65FF6DC0-E26F-41B8-B370-6B3ACE5DC355}.Release|Any CPU.Build.0 = Release|Any CPU
	EndGlobalSection
	GlobalSection(SolutionProperties) = preSolution
		HideSolutionNode = FALSE
	EndGlobalSection
	GlobalSection(ExtensibilityGlobals) = postSolution
		SolutionGuid = {C9A6ADD3-3442-49F2-8AA8-EA4F1E1E3243}
	EndGlobalSection
EndGlobal
